Microsoft Visual Studio Solution File, Format Version 12.00
# Visual Studio 15
Project("{8BC9CEB8-8B4A-11D0-8D11-00A0C91BC942}") = "ALL_BUILD", "ALL_BUILD.vcxproj", "{48B1FE36-3E55-3574-BE00-98810AC7A41B}"
	ProjectSection(ProjectDependencies) = postProject
		{7112FCFC-0D86-3637-AC15-D71768E104BF} = {7112FCFC-0D86-3637-AC15-D71768E104BF}
		{B9C072B6-B457-3EE2-A861-18CA7FD2D084} = {B9C072B6-B457-3EE2-A861-18CA7FD2D084}
		{4732304D-4CF5-36F3-BF70-D5EAE6E8FCA9} = {4732304D-4CF5-36F3-BF70-D5EAE6E8FCA9}
		{2EA331C6-CC89-3069-99F0-CEFA868060AC} = {2EA331C6-CC89-3069-99F0-CEFA868060AC}
		{12A105A5-5853-377C-A99D-D73285CBD285} = {12A105A5-5853-377C-A99D-D73285CBD285}
		{BF6B943E-FF3F-3490-B0ED-6B5118BAAA28} = {BF6B943E-FF3F-3490-B0ED-6B5118BAAA28}
		{EAB4FC69-6C43-3EBF-BD52-DF6FF2867736} = {EAB4FC69-6C43-3EBF-BD52-DF6FF2867736}
		{57B93DFB-3542-3127-A3B1-213EDE157DF0} = {57B93DFB-3542-3127-A3B1-213EDE157DF0}
		{2FD2F9A3-D0DF-3C5F-A029-BB62830A7945} = {2FD2F9A3-D0DF-3C5F-A029-BB62830A7945}
		{E8DEF73F-F69C-3847-B7C4-37D3A87BF543} = {E8DEF73F-F69C-3847-B7C4-37D3A87BF543}
	EndProjectSection
EndProject
Project("{8BC9CEB8-8B4A-11D0-8D11-00A0C91BC942}") = "ZERO_CHECK", "ZERO_CHECK.vcxproj", "{7112FCFC-0D86-3637-AC15-D71768E104BF}"
	ProjectSection(ProjectDependencies) = postProject
	EndProjectSection
EndProject
Project("{8BC9CEB8-8B4A-11D0-8D11-00A0C91BC942}") = "aseprite", "src\aseprite.vcxproj", "{B9C072B6-B457-3EE2-A861-18CA7FD2D084}"
	ProjectSection(ProjectDependencies) = postProject
		{7112FCFC-0D86-3637-AC15-D71768E104BF} = {7112FCFC-0D86-3637-AC15-D71768E104BF}
		{4732304D-4CF5-36F3-BF70-D5EAE6E8FCA9} = {4732304D-4CF5-36F3-BF70-D5EAE6E8FCA9}
		{2EA331C6-CC89-3069-99F0-CEFA868060AC} = {2EA331C6-CC89-3069-99F0-CEFA868060AC}
		{12A105A5-5853-377C-A99D-D73285CBD285} = {12A105A5-5853-377C-A99D-D73285CBD285}
		{BF6B943E-FF3F-3490-B0ED-6B5118BAAA28} = {BF6B943E-FF3F-3490-B0ED-6B5118BAAA28}
		{EAB4FC69-6C43-3EBF-BD52-DF6FF2867736} = {EAB4FC69-6C43-3EBF-BD52-DF6FF2867736}
		{57B93DFB-3542-3127-A3B1-213EDE157DF0} = {57B93DFB-3542-3127-A3B1-213EDE157DF0}
		{2FD2F9A3-D0DF-3C5F-A029-BB62830A7945} = {2FD2F9A3-D0DF-3C5F-A029-BB62830A7945}
		{E8DEF73F-F69C-3847-B7C4-37D3A87BF543} = {E8DEF73F-F69C-3847-B7C4-37D3A87BF543}
	EndProjectSection
EndProject
Project("{8BC9CEB8-8B4A-11D0-8D11-00A0C91BC942}") = "freetype", "third_party\freetype\freetype.vcxproj", "{4732304D-4CF5-36F3-BF70-D5EAE6E8FCA9}"
	ProjectSection(ProjectDependencies) = postProject
		{7112FCFC-0D86-3637-AC15-D71768E104BF} = {7112FCFC-0D86-3637-AC15-D71768E104BF}
	EndProjectSection
EndProject
Project("{8BC9CEB8-8B4A-11D0-8D11-00A0C91BC942}") = "jpeg", "third_party\jpeg\jpeg.vcxproj", "{2EA331C6-CC89-3069-99F0-CEFA868060AC}"
	ProjectSection(ProjectDependencies) = postProject
		{7112FCFC-0D86-3637-AC15-D71768E104BF} = {7112FCFC-0D86-3637-AC15-D71768E104BF}
	EndProjectSection
EndProject
Project("{8BC9CEB8-8B4A-11D0-8D11-00A0C91BC942}") = "libart_lgpl", "third_party\libart_lgpl\libart_lgpl.vcxproj", "{12A105A5-5853-377C-A99D-D73285CBD285}"
	ProjectSection(ProjectDependencies) = postProject
		{7112FCFC-0D86-3637-AC15-D71768E104BF} = {7112FCFC-0D86-3637-AC15-D71768E104BF}
	EndProjectSection
EndProject
Project("{8BC9CEB8-8B4A-11D0-8D11-00A0C91BC942}") = "libpng", "third_party\libpng\libpng.vcxproj", "{BF6B943E-FF3F-3490-B0ED-6B5118BAAA28}"
	ProjectSection(ProjectDependencies) = postProject
		{7112FCFC-0D86-3637-AC15-D71768E104BF} = {7112FCFC-0D86-3637-AC15-D71768E104BF}
	EndProjectSection
EndProject
Project("{8BC9CEB8-8B4A-11D0-8D11-00A0C91BC942}") = "loadpng", "third_party\loadpng\loadpng.vcxproj", "{EAB4FC69-6C43-3EBF-BD52-DF6FF2867736}"
	ProjectSection(ProjectDependencies) = postProject
		{7112FCFC-0D86-3637-AC15-D71768E104BF} = {7112FCFC-0D86-3637-AC15-D71768E104BF}
	EndProjectSection
EndProject
Project("{8BC9CEB8-8B4A-11D0-8D11-00A0C91BC942}") = "tinyxml", "third_party\tinyxml\tinyxml.vcxproj", "{57B93DFB-3542-3127-A3B1-213EDE157DF0}"
	ProjectSection(ProjectDependencies) = postProject
		{7112FCFC-0D86-3637-AC15-D71768E104BF} = {7112FCFC-0D86-3637-AC15-D71768E104BF}
	EndProjectSection
EndProject
Project("{8BC9CEB8-8B4A-11D0-8D11-00A0C91BC942}") = "vaca", "third_party\vaca\vaca.vcxproj", "{2FD2F9A3-D0DF-3C5F-A029-BB62830A7945}"
	ProjectSection(ProjectDependencies) = postProject
		{7112FCFC-0D86-3637-AC15-D71768E104BF} = {7112FCFC-0D86-3637-AC15-D71768E104BF}
	EndProjectSection
EndProject
Project("{8BC9CEB8-8B4A-11D0-8D11-00A0C91BC942}") = "zlib", "third_party\zlib\zlib.vcxproj", "{E8DEF73F-F69C-3847-B7C4-37D3A87BF543}"
	ProjectSection(ProjectDependencies) = postProject
		{7112FCFC-0D86-3637-AC15-D71768E104BF} = {7112FCFC-0D86-3637-AC15-D71768E104BF}
	EndProjectSection
EndProject
Global
	GlobalSection(SolutionConfigurationPlatforms) = preSolution
		Debug|Win32 = Debug|Win32
		Release|Win32 = Release|Win32
		MinSizeRel|Win32 = MinSizeRel|Win32
		RelWithDebInfo|Win32 = RelWithDebInfo|Win32
	EndGlobalSection
	GlobalSection(ProjectConfigurationPlatforms) = postSolution
		{48B1FE36-3E55-3574-BE00-98810AC7A41B}.Debug|Win32.ActiveCfg = Debug|Win32
		{48B1FE36-3E55-3574-BE00-98810AC7A41B}.Release|Win32.ActiveCfg = Release|Win32
		{48B1FE36-3E55-3574-BE00-98810AC7A41B}.MinSizeRel|Win32.ActiveCfg = MinSizeRel|Win32
		{48B1FE36-3E55-3574-BE00-98810AC7A41B}.RelWithDebInfo|Win32.ActiveCfg = RelWithDebInfo|Win32
		{7112FCFC-0D86-3637-AC15-D71768E104BF}.Debug|Win32.ActiveCfg = Debug|Win32
		{7112FCFC-0D86-3637-AC15-D71768E104BF}.Debug|Win32.Build.0 = Debug|Win32
		{7112FCFC-0D86-3637-AC15-D71768E104BF}.Release|Win32.ActiveCfg = Release|Win32
		{7112FCFC-0D86-3637-AC15-D71768E104BF}.Release|Win32.Build.0 = Release|Win32
		{7112FCFC-0D86-3637-AC15-D71768E104BF}.MinSizeRel|Win32.ActiveCfg = MinSizeRel|Win32
		{7112FCFC-0D86-3637-AC15-D71768E104BF}.MinSizeRel|Win32.Build.0 = MinSizeRel|Win32
		{7112FCFC-0D86-3637-AC15-D71768E104BF}.RelWithDebInfo|Win32.ActiveCfg = RelWithDebInfo|Win32
		{7112FCFC-0D86-3637-AC15-D71768E104BF}.RelWithDebInfo|Win32.Build.0 = RelWithDebInfo|Win32
		{B9C072B6-B457-3EE2-A861-18CA7FD2D084}.Debug|Win32.ActiveCfg = Debug|Win32
		{B9C072B6-B457-3EE2-A861-18CA7FD2D084}.Debug|Win32.Build.0 = Debug|Win32
		{B9C072B6-B457-3EE2-A861-18CA7FD2D084}.Release|Win32.ActiveCfg = Release|Win32
		{B9C072B6-B457-3EE2-A861-18CA7FD2D084}.Release|Win32.Build.0 = Release|Win32
		{B9C072B6-B457-3EE2-A861-18CA7FD2D084}.MinSizeRel|Win32.ActiveCfg = MinSizeRel|Win32
		{B9C072B6-B457-3EE2-A861-18CA7FD2D084}.MinSizeRel|Win32.Build.0 = MinSizeRel|Win32
		{B9C072B6-B457-3EE2-A861-18CA7FD2D084}.RelWithDebInfo|Win32.ActiveCfg = RelWithDebInfo|Win32
		{B9C072B6-B457-3EE2-A861-18CA7FD2D084}.RelWithDebInfo|Win32.Build.0 = RelWithDebInfo|Win32
		{4732304D-4CF5-36F3-BF70-D5EAE6E8FCA9}.Debug|Win32.ActiveCfg = Debug|Win32
		{4732304D-4CF5-36F3-BF70-D5EAE6E8FCA9}.Debug|Win32.Build.0 = Debug|Win32
		{4732304D-4CF5-36F3-BF70-D5EAE6E8FCA9}.Release|Win32.ActiveCfg = Release|Win32
		{4732304D-4CF5-36F3-BF70-D5EAE6E8FCA9}.Release|Win32.Build.0 = Release|Win32
		{4732304D-4CF5-36F3-BF70-D5EAE6E8FCA9}.MinSizeRel|Win32.ActiveCfg = MinSizeRel|Win32
		{4732304D-4CF5-36F3-BF70-D5EAE6E8FCA9}.MinSizeRel|Win32.Build.0 = MinSizeRel|Win32
		{4732304D-4CF5-36F3-BF70-D5EAE6E8FCA9}.RelWithDebInfo|Win32.ActiveCfg = RelWithDebInfo|Win32
		{4732304D-4CF5-36F3-BF70-D5EAE6E8FCA9}.RelWithDebInfo|Win32.Build.0 = RelWithDebInfo|Win32
		{2EA331C6-CC89-3069-99F0-CEFA868060AC}.Debug|Win32.ActiveCfg = Debug|Win32
		{2EA331C6-CC89-3069-99F0-CEFA868060AC}.Debug|Win32.Build.0 = Debug|Win32
		{2EA331C6-CC89-3069-99F0-CEFA868060AC}.Release|Win32.ActiveCfg = Release|Win32
		{2EA331C6-CC89-3069-99F0-CEFA868060AC}.Release|Win32.Build.0 = Release|Win32
		{2EA331C6-CC89-3069-99F0-CEFA868060AC}.MinSizeRel|Win32.ActiveCfg = MinSizeRel|Win32
		{2EA331C6-CC89-3069-99F0-CEFA868060AC}.MinSizeRel|Win32.Build.0 = MinSizeRel|Win32
		{2EA331C6-CC89-3069-99F0-CEFA868060AC}.RelWithDebInfo|Win32.ActiveCfg = RelWithDebInfo|Win32
		{2EA331C6-CC89-3069-99F0-CEFA868060AC}.RelWithDebInfo|Win32.Build.0 = RelWithDebInfo|Win32
		{12A105A5-5853-377C-A99D-D73285CBD285}.Debug|Win32.ActiveCfg = Debug|Win32
		{12A105A5-5853-377C-A99D-D73285CBD285}.Debug|Win32.Build.0 = Debug|Win32
		{12A105A5-5853-377C-A99D-D73285CBD285}.Release|Win32.ActiveCfg = Release|Win32
		{12A105A5-5853-377C-A99D-D73285CBD285}.Release|Win32.Build.0 = Release|Win32
		{12A105A5-5853-377C-A99D-D73285CBD285}.MinSizeRel|Win32.ActiveCfg = MinSizeRel|Win32
		{12A105A5-5853-377C-A99D-D73285CBD285}.MinSizeRel|Win32.Build.0 = MinSizeRel|Win32
		{12A105A5-5853-377C-A99D-D73285CBD285}.RelWithDebInfo|Win32.ActiveCfg = RelWithDebInfo|Win32
		{12A105A5-5853-377C-A99D-D73285CBD285}.RelWithDebInfo|Win32.Build.0 = RelWithDebInfo|Win32
		{BF6B943E-FF3F-3490-B0ED-6B5118BAAA28}.Debug|Win32.ActiveCfg = Debug|Win32
		{BF6B943E-FF3F-3490-B0ED-6B5118BAAA28}.Debug|Win32.Build.0 = Debug|Win32
		{BF6B943E-FF3F-3490-B0ED-6B5118BAAA28}.Release|Win32.ActiveCfg = Release|Win32
		{BF6B943E-FF3F-3490-B0ED-6B5118BAAA28}.Release|Win32.Build.0 = Release|Win32
		{BF6B943E-FF3F-3490-B0ED-6B5118BAAA28}.MinSizeRel|Win32.ActiveCfg = MinSizeRel|Win32
		{BF6B943E-FF3F-3490-B0ED-6B5118BAAA28}.MinSizeRel|Win32.Build.0 = MinSizeRel|Win32
		{BF6B943E-FF3F-3490-B0ED-6B5118BAAA28}.RelWithDebInfo|Win32.ActiveCfg = RelWithDebInfo|Win32
		{BF6B943E-FF3F-3490-B0ED-6B5118BAAA28}.RelWithDebInfo|Win32.Build.0 = RelWithDebInfo|Win32
		{EAB4FC69-6C43-3EBF-BD52-DF6FF2867736}.Debug|Win32.ActiveCfg = Debug|Win32
		{EAB4FC69-6C43-3EBF-BD52-DF6FF2867736}.Debug|Win32.Build.0 = Debug|Win32
		{EAB4FC69-6C43-3EBF-BD52-DF6FF2867736}.Release|Win32.ActiveCfg = Release|Win32
		{EAB4FC69-6C43-3EBF-BD52-DF6FF2867736}.Release|Win32.Build.0 = Release|Win32
		{EAB4FC69-6C43-3EBF-BD52-DF6FF2867736}.MinSizeRel|Win32.ActiveCfg = MinSizeRel|Win32
		{EAB4FC69-6C43-3EBF-BD52-DF6FF2867736}.MinSizeRel|Win32.Build.0 = MinSizeRel|Win32
		{EAB4FC69-6C43-3EBF-BD52-DF6FF2867736}.RelWithDebInfo|Win32.ActiveCfg = RelWithDebInfo|Win32
		{EAB4FC69-6C43-3EBF-BD52-DF6FF2867736}.RelWithDebInfo|Win32.Build.0 = RelWithDebInfo|Win32
		{57B93DFB-3542-3127-A3B1-213EDE157DF0}.Debug|Win32.ActiveCfg = Debug|Win32
		{57B93DFB-3542-3127-A3B1-213EDE157DF0}.Debug|Win32.Build.0 = Debug|Win32
		{57B93DFB-3542-3127-A3B1-213EDE157DF0}.Release|Win32.ActiveCfg = Release|Win32
		{57B93DFB-3542-3127-A3B1-213EDE157DF0}.Release|Win32.Build.0 = Release|Win32
		{57B93DFB-3542-3127-A3B1-213EDE157DF0}.MinSizeRel|Win32.ActiveCfg = MinSizeRel|Win32
		{57B93DFB-3542-3127-A3B1-213EDE157DF0}.MinSizeRel|Win32.Build.0 = MinSizeRel|Win32
		{57B93DFB-3542-3127-A3B1-213EDE157DF0}.RelWithDebInfo|Win32.ActiveCfg = RelWithDebInfo|Win32
		{57B93DFB-3542-3127-A3B1-213EDE157DF0}.RelWithDebInfo|Win32.Build.0 = RelWithDebInfo|Win32
		{2FD2F9A3-D0DF-3C5F-A029-BB62830A7945}.Debug|Win32.ActiveCfg = Debug|Win32
		{2FD2F9A3-D0DF-3C5F-A029-BB62830A7945}.Debug|Win32.Build.0 = Debug|Win32
		{2FD2F9A3-D0DF-3C5F-A029-BB62830A7945}.Release|Win32.ActiveCfg = Release|Win32
		{2FD2F9A3-D0DF-3C5F-A029-BB62830A7945}.Release|Win32.Build.0 = Release|Win32
		{2FD2F9A3-D0DF-3C5F-A029-BB62830A7945}.MinSizeRel|Win32.ActiveCfg = MinSizeRel|Win32
		{2FD2F9A3-D0DF-3C5F-A029-BB62830A7945}.MinSizeRel|Win32.Build.0 = MinSizeRel|Win32
		{2FD2F9A3-D0DF-3C5F-A029-BB62830A7945}.RelWithDebInfo|Win32.ActiveCfg = RelWithDebInfo|Win32
		{2FD2F9A3-D0DF-3C5F-A029-BB62830A7945}.RelWithDebInfo|Win32.Build.0 = RelWithDebInfo|Win32
		{E8DEF73F-F69C-3847-B7C4-37D3A87BF543}.Debug|Win32.ActiveCfg = Debug|Win32
		{E8DEF73F-F69C-3847-B7C4-37D3A87BF543}.Debug|Win32.Build.0 = Debug|Win32
		{E8DEF73F-F69C-3847-B7C4-37D3A87BF543}.Release|Win32.ActiveCfg = Release|Win32
		{E8DEF73F-F69C-3847-B7C4-37D3A87BF543}.Release|Win32.Build.0 = Release|Win32
		{E8DEF73F-F69C-3847-B7C4-37D3A87BF543}.MinSizeRel|Win32.ActiveCfg = MinSizeRel|Win32
		{E8DEF73F-F69C-3847-B7C4-37D3A87BF543}.MinSizeRel|Win32.Build.0 = MinSizeRel|Win32
		{E8DEF73F-F69C-3847-B7C4-37D3A87BF543}.RelWithDebInfo|Win32.ActiveCfg = RelWithDebInfo|Win32
		{E8DEF73F-F69C-3847-B7C4-37D3A87BF543}.RelWithDebInfo|Win32.Build.0 = RelWithDebInfo|Win32
	EndGlobalSection
	GlobalSection(ExtensibilityGlobals) = postSolution
		SolutionGuid = {54A138EB-3914-32DE-8B4A-60FA2A69502B}
	EndGlobalSection
	GlobalSection(ExtensibilityAddIns) = postSolution
	EndGlobalSection
EndGlobal
